// !$*UTF8*$!
{
	archiveVersion = 1;
	classes = {
	};
	objectVersion = 50;
	objects = {

/* Begin PBXBuildFile section */
		25F0886820C6339D00A2829F /* AppDelegate.swift in Sources */ = {isa = PBXBuildFile; fileRef = 25F0886720C6339D00A2829F /* AppDelegate.swift */; };
		25F0886A20C6339D00A2829F /* ViewController.swift in Sources */ = {isa = PBXBuildFile; fileRef = 25F0886920C6339D00A2829F /* ViewController.swift */; };
		25F0886D20C6339D00A2829F /* Main.storyboard in Resources */ = {isa = PBXBuildFile; fileRef = 25F0886B20C6339D00A2829F /* Main.storyboard */; };
		25F0886F20C633A000A2829F /* Assets.xcassets in Resources */ = {isa = PBXBuildFile; fileRef = 25F0886E20C633A000A2829F /* Assets.xcassets */; };
		25F0887220C633A000A2829F /* LaunchScreen.storyboard in Resources */ = {isa = PBXBuildFile; fileRef = 25F0887020C633A000A2829F /* LaunchScreen.storyboard */; };
		25F0887D20C633A000A2829F /* MuteTests.swift in Sources */ = {isa = PBXBuildFile; fileRef = 25F0887C20C633A000A2829F /* MuteTests.swift */; };
		25F0888820C633A000A2829F /* MuteUITests.swift in Sources */ = {isa = PBXBuildFile; fileRef = 25F0888720C633A000A2829F /* MuteUITests.swift */; };
/* End PBXBuildFile section */

/* Begin PBXContainerItemProxy section */
		25F0887920C633A000A2829F /* PBXContainerItemProxy */ = {
			isa = PBXContainerItemProxy;
			containerPortal = 25F0885C20C6339D00A2829F /* Project object */;
			proxyType = 1;
			remoteGlobalIDString = 25F0886320C6339D00A2829F;
			remoteInfo = Mute;
		};
		25F0888420C633A000A2829F /* PBXContainerItemProxy */ = {
			isa = PBXContainerItemProxy;
			containerPortal = 25F0885C20C6339D00A2829F /* Project object */;
			proxyType = 1;
			remoteGlobalIDString = 25F0886320C6339D00A2829F;
			remoteInfo = Mute;
		};
/* End PBXContainerItemProxy section */

/* Begin PBXFileReference section */
		25F0886420C6339D00A2829F /* Mute.app */ = {isa = PBXFileReference; explicitFileType = wrapper.application; includeInIndex = 0; path = Mute.app; sourceTree = BUILT_PRODUCTS_DIR; };
		25F0886720C6339D00A2829F /* AppDelegate.swift */ = {isa = PBXFileReference; lastKnownFileType = sourcecode.swift; path = AppDelegate.swift; sourceTree = "<group>"; };
		25F0886920C6339D00A2829F /* ViewController.swift */ = {isa = PBXFileReference; lastKnownFileType = sourcecode.swift; path = ViewController.swift; sourceTree = "<group>"; };
		25F0886C20C6339D00A2829F /* Base */ = {isa = PBXFileReference; lastKnownFileType = file.storyboard; name = Base; path = Base.lproj/Main.storyboard; sourceTree = "<group>"; };
		25F0886E20C633A000A2829F /* Assets.xcassets */ = {isa = PBXFileReference; lastKnownFileType = folder.assetcatalog; path = Assets.xcassets; sourceTree = "<group>"; };
		25F0887120C633A000A2829F /* Base */ = {isa = PBXFileReference; lastKnownFileType = file.storyboard; name = Base; path = Base.lproj/LaunchScreen.storyboard; sourceTree = "<group>"; };
		25F0887320C633A000A2829F /* Info.plist */ = {isa = PBXFileReference; lastKnownFileType = text.plist.xml; path = Info.plist; sourceTree = "<group>"; };
		25F0887820C633A000A2829F /* MuteTests.xctest */ = {isa = PBXFileReference; explicitFileType = wrapper.cfbundle; includeInIndex = 0; path = MuteTests.xctest; sourceTree = BUILT_PRODUCTS_DIR; };
		25F0887C20C633A000A2829F /* MuteTests.swift */ = {isa = PBXFileReference; lastKnownFileType = sourcecode.swift; path = MuteTests.swift; sourceTree = "<group>"; };
		25F0887E20C633A000A2829F /* Info.plist */ = {isa = PBXFileReference; lastKnownFileType = text.plist.xml; path = Info.plist; sourceTree = "<group>"; };
		25F0888320C633A000A2829F /* MuteUITests.xctest */ = {isa = PBXFileReference; explicitFileType = wrapper.cfbundle; includeInIndex = 0; path = MuteUITests.xctest; sourceTree = BUILT_PRODUCTS_DIR; };
		25F0888720C633A000A2829F /* MuteUITests.swift */ = {isa = PBXFileReference; lastKnownFileType = sourcecode.swift; path = MuteUITests.swift; sourceTree = "<group>"; };
		25F0888920C633A000A2829F /* Info.plist */ = {isa = PBXFileReference; lastKnownFileType = text.plist.xml; path = Info.plist; sourceTree = "<group>"; };
/* End PBXFileReference section */

/* Begin PBXFrameworksBuildPhase section */
		25F0886120C6339D00A2829F /* Frameworks */ = {
			isa = PBXFrameworksBuildPhase;
			buildActionMask = 2147483647;
			files = (
			);
			runOnlyForDeploymentPostprocessing = 0;
		};
		25F0887520C633A000A2829F /* Frameworks */ = {
			isa = PBXFrameworksBuildPhase;
			buildActionMask = 2147483647;
			files = (
			);
			runOnlyForDeploymentPostprocessing = 0;
		};
		25F0888020C633A000A2829F /* Frameworks */ = {
			isa = PBXFrameworksBuildPhase;
			buildActionMask = 2147483647;
			files = (
			);
			runOnlyForDeploymentPostprocessing = 0;
		};
/* End PBXFrameworksBuildPhase section */

/* Begin PBXGroup section */
		25F0885B20C6339D00A2829F = {
			isa = PBXGroup;
			children = (
				25F0886620C6339D00A2829F /* Mute */,
				25F0887B20C633A000A2829F /* MuteTests */,
				25F0888620C633A000A2829F /* MuteUITests */,
				25F0886520C6339D00A2829F /* Products */,
			);
			sourceTree = "<group>";
		};
		25F0886520C6339D00A2829F /* Products */ = {
			isa = PBXGroup;
			children = (
				25F0886420C6339D00A2829F /* Mute.app */,
				25F0887820C633A000A2829F /* MuteTests.xctest */,
				25F0888320C633A000A2829F /* MuteUITests.xctest */,
			);
			name = Products;
			sourceTree = "<group>";
		};
		25F0886620C6339D00A2829F /* Mute */ = {
			isa = PBXGroup;
			children = (
				25F0886720C6339D00A2829F /* AppDelegate.swift */,
				25F0886920C6339D00A2829F /* ViewController.swift */,
				25F0886B20C6339D00A2829F /* Main.storyboard */,
				25F0886E20C633A000A2829F /* Assets.xcassets */,
				25F0887020C633A000A2829F /* LaunchScreen.storyboard */,
				25F0887320C633A000A2829F /* Info.plist */,
			);
			path = Mute;
			sourceTree = "<group>";
		};
		25F0887B20C633A000A2829F /* MuteTests */ = {
			isa = PBXGroup;
			children = (
				25F0887C20C633A000A2829F /* MuteTests.swift */,
				25F0887E20C633A000A2829F /* Info.plist */,
			);
			path = MuteTests;
			sourceTree = "<group>";
		};
		25F0888620C633A000A2829F /* MuteUITests */ = {
			isa = PBXGroup;
			children = (
				25F0888720C633A000A2829F /* MuteUITests.swift */,
				25F0888920C633A000A2829F /* Info.plist */,
			);
			path = MuteUITests;
			sourceTree = "<group>";
		};
/* End PBXGroup section */

/* Begin PBXNativeTarget section */
		25F0886320C6339D00A2829F /* Mute */ = {
			isa = PBXNativeTarget;
			buildConfigurationList = 25F0888C20C633A000A2829F /* Build configuration list for PBXNativeTarget "Mute" */;
			buildPhases = (
				25F0886020C6339D00A2829F /* Sources */,
				25F0886120C6339D00A2829F /* Frameworks */,
				25F0886220C6339D00A2829F /* Resources */,
			);
			buildRules = (
			);
			dependencies = (
			);
			name = Mute;
			productName = Mute;
			productReference = 25F0886420C6339D00A2829F /* Mute.app */;
			productType = "com.apple.product-type.application";
		};
		25F0887720C633A000A2829F /* MuteTests */ = {
			isa = PBXNativeTarget;
			buildConfigurationList = 25F0888F20C633A000A2829F /* Build configuration list for PBXNativeTarget "MuteTests" */;
			buildPhases = (
				25F0887420C633A000A2829F /* Sources */,
				25F0887520C633A000A2829F /* Frameworks */,
				25F0887620C633A000A2829F /* Resources */,
			);
			buildRules = (
			);
			dependencies = (
				25F0887A20C633A000A2829F /* PBXTargetDependency */,
			);
			name = MuteTests;
			productName = MuteTests;
			productReference = 25F0887820C633A000A2829F /* MuteTests.xctest */;
			productType = "com.apple.product-type.bundle.unit-test";
		};
		25F0888220C633A000A2829F /* MuteUITests */ = {
			isa = PBXNativeTarget;
			buildConfigurationList = 25F0889220C633A000A2829F /* Build configuration list for PBXNativeTarget "MuteUITests" */;
			buildPhases = (
				25F0887F20C633A000A2829F /* Sources */,
				25F0888020C633A000A2829F /* Frameworks */,
				25F0888120C633A000A2829F /* Resources */,
			);
			buildRules = (
			);
			dependencies = (
				25F0888520C633A000A2829F /* PBXTargetDependency */,
			);
			name = MuteUITests;
			productName = MuteUITests;
			productReference = 25F0888320C633A000A2829F /* MuteUITests.xctest */;
			productType = "com.apple.product-type.bundle.ui-testing";
		};
/* End PBXNativeTarget section */

/* Begin PBXProject section */
		25F0885C20C6339D00A2829F /* Project object */ = {
			isa = PBXProject;
			attributes = {
				LastSwiftUpdateCheck = 0940;
				LastUpgradeCheck = 0940;
				ORGANIZATIONNAME = "James Wegner";
				TargetAttributes = {
					25F0886320C6339D00A2829F = {
						CreatedOnToolsVersion = 9.4;
					};
					25F0887720C633A000A2829F = {
						CreatedOnToolsVersion = 9.4;
						TestTargetID = 25F0886320C6339D00A2829F;
					};
					25F0888220C633A000A2829F = {
						CreatedOnToolsVersion = 9.4;
						TestTargetID = 25F0886320C6339D00A2829F;
					};
				};
			};
			buildConfigurationList = 25F0885F20C6339D00A2829F /* Build configuration list for PBXProject "Mute" */;
			compatibilityVersion = "Xcode 9.3";
			developmentRegion = en;
			hasScannedForEncodings = 0;
			knownRegions = (
				en,
				Base,
			);
			mainGroup = 25F0885B20C6339D00A2829F;
			productRefGroup = 25F0886520C6339D00A2829F /* Products */;
			projectDirPath = "";
			projectRoot = "";
			targets = (
				25F0886320C6339D00A2829F /* Mute */,
				25F0887720C633A000A2829F /* MuteTests */,
				25F0888220C633A000A2829F /* MuteUITests */,
			);
		};
/* End PBXProject section */

/* Begin PBXResourcesBuildPhase section */
		25F0886220C6339D00A2829F /* Resources */ = {
			isa = PBXResourcesBuildPhase;
			buildActionMask = 2147483647;
			files = (
				25F0887220C633A000A2829F /* LaunchScreen.storyboard in Resources */,
				25F0886F20C633A000A2829F /* Assets.xcassets in Resources */,
				25F0886D20C6339D00A2829F /* Main.storyboard in Resources */,
			);
			runOnlyForDeploymentPostprocessing = 0;
		};
		25F0887620C633A000A2829F /* Resources */ = {
			isa = PBXResourcesBuildPhase;
			buildActionMask = 2147483647;
			files = (
			);
			runOnlyForDeploymentPostprocessing = 0;
		};
		25F0888120C633A000A2829F /* Resources */ = {
			isa = PBXResourcesBuildPhase;
			buildActionMask = 2147483647;
			files = (
			);
			runOnlyForDeploymentPostprocessing = 0;
		};
/* End PBXResourcesBuildPhase section */

/* Begin PBXSourcesBuildPhase section */
		25F0886020C6339D00A2829F /* Sources */ = {
			isa = PBXSourcesBuildPhase;
			buildActionMask = 2147483647;
			files = (
				25F0886A20C6339D00A2829F /* ViewController.swift in Sources */,
				25F0886820C6339D00A2829F /* AppDelegate.swift in Sources */,
			);
			runOnlyForDeploymentPostprocessing = 0;
		};
		25F0887420C633A000A2829F /* Sources */ = {
			isa = PBXSourcesBuildPhase;
			buildActionMask = 2147483647;
			files = (
				25F0887D20C633A000A2829F /* MuteTests.swift in Sources */,
			);
			runOnlyForDeploymentPostprocessing = 0;
		};
		25F0887F20C633A000A2829F /* Sources */ = {
			isa = PBXSourcesBuildPhase;
			buildActionMask = 2147483647;
			files = (
				25F0888820C633A000A2829F /* MuteUITests.swift in Sources */,
			);
			runOnlyForDeploymentPostprocessing = 0;
		};
/* End PBXSourcesBuildPhase section */

/* Begin PBXTargetDependency section */
		25F0887A20C633A000A2829F /* PBXTargetDependency */ = {
			isa = PBXTargetDependency;
			target = 25F0886320C6339D00A2829F /* Mute */;
			targetProxy = 25F0887920C633A000A2829F /* PBXContainerItemProxy */;
		};
		25F0888520C633A000A2829F /* PBXTargetDependency */ = {
			isa = PBXTargetDependency;
			target = 25F0886320C6339D00A2829F /* Mute */;
			targetProxy = 25F0888420C633A000A2829F /* PBXContainerItemProxy */;
		};
/* End PBXTargetDependency section */

/* Begin PBXVariantGroup section */
		25F0886B20C6339D00A2829F /* Main.storyboard */ = {
			isa = PBXVariantGroup;
			children = (
				25F0886C20C6339D00A2829F /* Base */,
			);
			name = Main.storyboard;
			sourceTree = "<group>";
		};
		25F0887020C633A000A2829F /* LaunchScreen.storyboard */ = {
			isa = PBXVariantGroup;
			children = (
				25F0887120C633A000A2829F /* Base */,
			);
			name = LaunchScreen.storyboard;
			sourceTree = "<group>";
		};
/* End PBXVariantGroup section */

/* Begin XCBuildConfiguration section */
		25F0888A20C633A000A2829F /* Debug */ = {
			isa = XCBuildConfiguration;
			buildSettings = {
				ALWAYS_SEARCH_USER_PATHS = NO;
				CLANG_ANALYZER_NONNULL = YES;
				CLANG_ANALYZER_NUMBER_OBJECT_CONVERSION = YES_AGGRESSIVE;
				CLANG_CXX_LANGUAGE_STANDARD = "gnu++14";
				CLANG_CXX_LIBRARY = "libc++";
				CLANG_ENABLE_MODULES = YES;
				CLANG_ENABLE_OBJC_ARC = YES;
				CLANG_ENABLE_OBJC_WEAK = YES;
				CLANG_WARN_BLOCK_CAPTURE_AUTORELEASING = YES;
				CLANG_WARN_BOOL_CONVERSION = YES;
				CLANG_WARN_COMMA = YES;
				CLANG_WARN_CONSTANT_CONVERSION = YES;
				CLANG_WARN_DEPRECATED_OBJC_IMPLEMENTATIONS = YES;
				CLANG_WARN_DIRECT_OBJC_ISA_USAGE = YES_ERROR;
				CLANG_WARN_DOCUMENTATION_COMMENTS = YES;
				CLANG_WARN_EMPTY_BODY = YES;
				CLANG_WARN_ENUM_CONVERSION = YES;
				CLANG_WARN_INFINITE_RECURSION = YES;
				CLANG_WARN_INT_CONVERSION = YES;
				CLANG_WARN_NON_LITERAL_NULL_CONVERSION = YES;
				CLANG_WARN_OBJC_IMPLICIT_RETAIN_SELF = YES;
				CLANG_WARN_OBJC_LITERAL_CONVERSION = YES;
				CLANG_WARN_OBJC_ROOT_CLASS = YES_ERROR;
				CLANG_WARN_RANGE_LOOP_ANALYSIS = YES;
				CLANG_WARN_STRICT_PROTOTYPES = YES;
				CLANG_WARN_SUSPICIOUS_MOVE = YES;
				CLANG_WARN_UNGUARDED_AVAILABILITY = YES_AGGRESSIVE;
				CLANG_WARN_UNREACHABLE_CODE = YES;
				CLANG_WARN__DUPLICATE_METHOD_MATCH = YES;
				CODE_SIGN_IDENTITY = "iPhone Developer";
				COPY_PHASE_STRIP = NO;
				DEBUG_INFORMATION_FORMAT = dwarf;
				ENABLE_STRICT_OBJC_MSGSEND = YES;
				ENABLE_TESTABILITY = YES;
				GCC_C_LANGUAGE_STANDARD = gnu11;
				GCC_DYNAMIC_NO_PIC = NO;
				GCC_NO_COMMON_BLOCKS = YES;
				GCC_OPTIMIZATION_LEVEL = 0;
				GCC_PREPROCESSOR_DEFINITIONS = (
					"DEBUG=1",
					"$(inherited)",
				);
				GCC_WARN_64_TO_32_BIT_CONVERSION = YES;
				GCC_WARN_ABOUT_RETURN_TYPE = YES_ERROR;
				GCC_WARN_UNDECLARED_SELECTOR = YES;
				GCC_WARN_UNINITIALIZED_AUTOS = YES_AGGRESSIVE;
				GCC_WARN_UNUSED_FUNCTION = YES;
				GCC_WARN_UNUSED_VARIABLE = YES;
				IPHONEOS_DEPLOYMENT_TARGET = 11.4;
				MTL_ENABLE_DEBUG_INFO = YES;
				ONLY_ACTIVE_ARCH = YES;
				SDKROOT = iphoneos;
				SWIFT_ACTIVE_COMPILATION_CONDITIONS = DEBUG;
				SWIFT_OPTIMIZATION_LEVEL = "-Onone";
			};
			name = Debug;
		};
		25F0888B20C633A000A2829F /* Release */ = {
			isa = XCBuildConfiguration;
			buildSettings = {
				ALWAYS_SEARCH_USER_PATHS = NO;
				CLANG_ANALYZER_NONNULL = YES;
				CLANG_ANALYZER_NUMBER_OBJECT_CONVERSION = YES_AGGRESSIVE;
				CLANG_CXX_LANGUAGE_STANDARD = "gnu++14";
				CLANG_CXX_LIBRARY = "libc++";
				CLANG_ENABLE_MODULES = YES;
				CLANG_ENABLE_OBJC_ARC = YES;
				CLANG_ENABLE_OBJC_WEAK = YES;
				CLANG_WARN_BLOCK_CAPTURE_AUTORELEASING = YES;
				CLANG_WARN_BOOL_CONVERSION = YES;
				CLANG_WARN_COMMA = YES;
				CLANG_WARN_CONSTANT_CONVERSION = YES;
				CLANG_WARN_DEPRECATED_OBJC_IMPLEMENTATIONS = YES;
				CLANG_WARN_DIRECT_OBJC_ISA_USAGE = YES_ERROR;
				CLANG_WARN_DOCUMENTATION_COMMENTS = YES;
				CLANG_WARN_EMPTY_BODY = YES;
				CLANG_WARN_ENUM_CONVERSION = YES;
				CLANG_WARN_INFINITE_RECURSION = YES;
				CLANG_WARN_INT_CONVERSION = YES;
				CLANG_WARN_NON_LITERAL_NULL_CONVERSION = YES;
				CLANG_WARN_OBJC_IMPLICIT_RETAIN_SELF = YES;
				CLANG_WARN_OBJC_LITERAL_CONVERSION = YES;
				CLANG_WARN_OBJC_ROOT_CLASS = YES_ERROR;
				CLANG_WARN_RANGE_LOOP_ANALYSIS = YES;
				CLANG_WARN_STRICT_PROTOTYPES = YES;
				CLANG_WARN_SUSPICIOUS_MOVE = YES;
				CLANG_WARN_UNGUARDED_AVAILABILITY = YES_AGGRESSIVE;
				CLANG_WARN_UNREACHABLE_CODE = YES;
				CLANG_WARN__DUPLICATE_METHOD_MATCH = YES;
				CODE_SIGN_IDENTITY = "iPhone Developer";
				COPY_PHASE_STRIP = NO;
				DEBUG_INFORMATION_FORMAT = "dwarf-with-dsym";
				ENABLE_NS_ASSERTIONS = NO;
				ENABLE_STRICT_OBJC_MSGSEND = YES;
				GCC_C_LANGUAGE_STANDARD = gnu11;
				GCC_NO_COMMON_BLOCKS = YES;
				GCC_WARN_64_TO_32_BIT_CONVERSION = YES;
				GCC_WARN_ABOUT_RETURN_TYPE = YES_ERROR;
				GCC_WARN_UNDECLARED_SELECTOR = YES;
				GCC_WARN_UNINITIALIZED_AUTOS = YES_AGGRESSIVE;
				GCC_WARN_UNUSED_FUNCTION = YES;
				GCC_WARN_UNUSED_VARIABLE = YES;
				IPHONEOS_DEPLOYMENT_TARGET = 11.4;
				MTL_ENABLE_DEBUG_INFO = NO;
				SDKROOT = iphoneos;
				SWIFT_COMPILATION_MODE = wholemodule;
				SWIFT_OPTIMIZATION_LEVEL = "-O";
				VALIDATE_PRODUCT = YES;
			};
			name = Release;
		};
		25F0888D20C633A000A2829F /* Debug */ = {
			isa = XCBuildConfiguration;
			buildSettings = {
				ASSETCATALOG_COMPILER_APPICON_NAME = AppIcon;
				CODE_SIGN_STYLE = Automatic;
				DEVELOPMENT_TEAM = N3YC5A36JD;
				INFOPLIST_FILE = Mute/Info.plist;
				LD_RUNPATH_SEARCH_PATHS = (
					"$(inherited)",
					"@executable_path/Frameworks",
				);
				PRODUCT_BUNDLE_IDENTIFIER = com.wegworks.Mute;
				PRODUCT_NAME = "$(TARGET_NAME)";
				SWIFT_VERSION = 4.0;
				TARGETED_DEVICE_FAMILY = "1,2";
			};
			name = Debug;
		};
		25F0888E20C633A000A2829F /* Release */ = {
			isa = XCBuildConfiguration;
			buildSettings = {
				ASSETCATALOG_COMPILER_APPICON_NAME = AppIcon;
				CODE_SIGN_STYLE = Automatic;
				DEVELOPMENT_TEAM = N3YC5A36JD;
				INFOPLIST_FILE = Mute/Info.plist;
				LD_RUNPATH_SEARCH_PATHS = (
					"$(inherited)",
					"@executable_path/Frameworks",
				);
				PRODUCT_BUNDLE_IDENTIFIER = com.wegworks.Mute;
				PRODUCT_NAME = "$(TARGET_NAME)";
				SWIFT_VERSION = 4.0;
				TARGETED_DEVICE_FAMILY = "1,2";
			};
			name = Release;
		};
		25F0889020C633A000A2829F /* Debug */ = {
			isa = XCBuildConfiguration;
			buildSettings = {
				ALWAYS_EMBED_SWIFT_STANDARD_LIBRARIES = YES;
				BUNDLE_LOADER = "$(TEST_HOST)";
				CODE_SIGN_STYLE = Automatic;
				DEVELOPMENT_TEAM = N3YC5A36JD;
				INFOPLIST_FILE = MuteTests/Info.plist;
				LD_RUNPATH_SEARCH_PATHS = (
					"$(inherited)",
					"@executable_path/Frameworks",
					"@loader_path/Frameworks",
				);
				PRODUCT_BUNDLE_IDENTIFIER = com.wegworks.MuteTests;
				PRODUCT_NAME = "$(TARGET_NAME)";
				SWIFT_VERSION = 4.0;
				TARGETED_DEVICE_FAMILY = "1,2";
				TEST_HOST = "$(BUILT_PRODUCTS_DIR)/Mute.app/Mute";
			};
			name = Debug;
		};
		25F0889120C633A000A2829F /* Release */ = {
			isa = XCBuildConfiguration;
			buildSettings = {
				ALWAYS_EMBED_SWIFT_STANDARD_LIBRARIES = YES;
				BUNDLE_LOADER = "$(TEST_HOST)";
				CODE_SIGN_STYLE = Automatic;
				DEVELOPMENT_TEAM = N3YC5A36JD;
				INFOPLIST_FILE = MuteTests/Info.plist;
				LD_RUNPATH_SEARCH_PATHS = (
					"$(inherited)",
					"@executable_path/Frameworks",
					"@loader_path/Frameworks",
				);
				PRODUCT_BUNDLE_IDENTIFIER = com.wegworks.MuteTests;
				PRODUCT_NAME = "$(TARGET_NAME)";
				SWIFT_VERSION = 4.0;
				TARGETED_DEVICE_FAMILY = "1,2";
				TEST_HOST = "$(BUILT_PRODUCTS_DIR)/Mute.app/Mute";
			};
			name = Release;
		};
		25F0889320C633A000A2829F /* Debug */ = {
			isa = XCBuildConfiguration;
			buildSettings = {
				ALWAYS_EMBED_SWIFT_STANDARD_LIBRARIES = YES;
				CODE_SIGN_STYLE = Automatic;
				DEVELOPMENT_TEAM = N3YC5A36JD;
				INFOPLIST_FILE = MuteUITests/Info.plist;
				LD_RUNPATH_SEARCH_PATHS = (
					"$(inherited)",
					"@executable_path/Frameworks",
					"@loader_path/Frameworks",
				);
				PRODUCT_BUNDLE_IDENTIFIER = com.wegworks.MuteUITests;
				PRODUCT_NAME = "$(TARGET_NAME)";
				SWIFT_VERSION = 4.0;
				TARGETED_DEVICE_FAMILY = "1,2";
				TEST_TARGET_NAME = Mute;
			};
			name = Debug;
		};
		25F0889420C633A000A2829F /* Release */ = {
			isa = XCBuildConfiguration;
			buildSettings = {
				ALWAYS_EMBED_SWIFT_STANDARD_LIBRARIES = YES;
				CODE_SIGN_STYLE = Automatic;
				DEVELOPMENT_TEAM = N3YC5A36JD;
				INFOPLIST_FILE = MuteUITests/Info.plist;
				LD_RUNPATH_SEARCH_PATHS = (
					"$(inherited)",
					"@executable_path/Frameworks",
					"@loader_path/Frameworks",
				);
				PRODUCT_BUNDLE_IDENTIFIER = com.wegworks.MuteUITests;
				PRODUCT_NAME = "$(TARGET_NAME)";
				SWIFT_VERSION = 4.0;
				TARGETED_DEVICE_FAMILY = "1,2";
				TEST_TARGET_NAME = Mute;
			};
			name = Release;
		};
/* End XCBuildConfiguration section */

/* Begin XCConfigurationList section */
		25F0885F20C6339D00A2829F /* Build configuration list for PBXProject "Mute" */ = {
			isa = XCConfigurationList;
			buildConfigurations = (
				25F0888A20C633A000A2829F /* Debug */,
				25F0888B20C633A000A2829F /* Release */,
			);
			defaultConfigurationIsVisible = 0;
			defaultConfigurationName = Release;
		};
		25F0888C20C633A000A2829F /* Build configuration list for PBXNativeTarget "Mute" */ = {
			isa = XCConfigurationList;
			buildConfigurations = (
				25F0888D20C633A000A2829F /* Debug */,
				25F0888E20C633A000A2829F /* Release */,
			);
			defaultConfigurationIsVisible = 0;
			defaultConfigurationName = Release;
		};
		25F0888F20C633A000A2829F /* Build configuration list for PBXNativeTarget "MuteTests" */ = {
			isa = XCConfigurationList;
			buildConfigurations = (
				25F0889020C633A000A2829F /* Debug */,
				25F0889120C633A000A2829F /* Release */,
			);
			defaultConfigurationIsVisible = 0;
			defaultConfigurationName = Release;
		};
		25F0889220C633A000A2829F /* Build configuration list for PBXNativeTarget "MuteUITests" */ = {
			isa = XCConfigurationList;
			buildConfigurations = (
				25F0889320C633A000A2829F /* Debug */,
				25F0889420C633A000A2829F /* Release */,
			);
			defaultConfigurationIsVisible = 0;
			defaultConfigurationName = Release;
		};
/* End XCConfigurationList section */
	};
	rootObject = 25F0885C20C6339D00A2829F /* Project object */;
}
